// !$*UTF8*$!
{
	archiveVersion = 1;
	classes = {
	};
	objectVersion = 50;
	objects = {

/* Begin PBXBuildFile section */
		15551101228BD8560086B1AB /* AppDelegate.swift in Sources */ = {isa = PBXBuildFile; fileRef = 15551100228BD8560086B1AB /* AppDelegate.swift */; };
		15551103228BD8560086B1AB /* ViewController.swift in Sources */ = {isa = PBXBuildFile; fileRef = 15551102228BD8560086B1AB /* ViewController.swift */; };
		15551106228BD8560086B1AB /* Main.storyboard in Resources */ = {isa = PBXBuildFile; fileRef = 15551104228BD8560086B1AB /* Main.storyboard */; };
		15551108228BD8570086B1AB /* Assets.xcassets in Resources */ = {isa = PBXBuildFile; fileRef = 15551107228BD8570086B1AB /* Assets.xcassets */; };
		1555110B228BD8570086B1AB /* LaunchScreen.storyboard in Resources */ = {isa = PBXBuildFile; fileRef = 15551109228BD8570086B1AB /* LaunchScreen.storyboard */; };
		15551113228BE5940086B1AB /* LearnerModel.swift in Sources */ = {isa = PBXBuildFile; fileRef = 15551112228BE5940086B1AB /* LearnerModel.swift */; };
		15551115228BF56C0086B1AB /* Activity 1.0.swift in Sources */ = {isa = PBXBuildFile; fileRef = 15551114228BF56C0086B1AB /* Activity 1.0.swift */; };
		15551117228C03090086B1AB /* Facilitator Model.swift in Sources */ = {isa = PBXBuildFile; fileRef = 15551116228C03090086B1AB /* Facilitator Model.swift */; };
		15551119228C09900086B1AB /* Rounded Button.swift in Sources */ = {isa = PBXBuildFile; fileRef = 15551118228C09900086B1AB /* Rounded Button.swift */; };
/* End PBXBuildFile section */

/* Begin PBXFileReference section */
		155510FD228BD8560086B1AB /* LearnerOOP.app */ = {isa = PBXFileReference; explicitFileType = wrapper.application; includeInIndex = 0; path = LearnerOOP.app; sourceTree = BUILT_PRODUCTS_DIR; };
		15551100228BD8560086B1AB /* AppDelegate.swift */ = {isa = PBXFileReference; lastKnownFileType = sourcecode.swift; path = AppDelegate.swift; sourceTree = "<group>"; };
		15551102228BD8560086B1AB /* ViewController.swift */ = {isa = PBXFileReference; lastKnownFileType = sourcecode.swift; path = ViewController.swift; sourceTree = "<group>"; };
		15551105228BD8560086B1AB /* Base */ = {isa = PBXFileReference; lastKnownFileType = file.storyboard; name = Base; path = Base.lproj/Main.storyboard; sourceTree = "<group>"; };
		15551107228BD8570086B1AB /* Assets.xcassets */ = {isa = PBXFileReference; lastKnownFileType = folder.assetcatalog; path = Assets.xcassets; sourceTree = "<group>"; };
		1555110A228BD8570086B1AB /* Base */ = {isa = PBXFileReference; lastKnownFileType = file.storyboard; name = Base; path = Base.lproj/LaunchScreen.storyboard; sourceTree = "<group>"; };
		1555110C228BD8570086B1AB /* Info.plist */ = {isa = PBXFileReference; lastKnownFileType = text.plist.xml; path = Info.plist; sourceTree = "<group>"; };
		15551112228BE5940086B1AB /* LearnerModel.swift */ = {isa = PBXFileReference; lastKnownFileType = sourcecode.swift; path = LearnerModel.swift; sourceTree = "<group>"; };
		15551114228BF56C0086B1AB /* Activity 1.0.swift */ = {isa = PBXFileReference; lastKnownFileType = sourcecode.swift; path = "Activity 1.0.swift"; sourceTree = "<group>"; };
		15551116228C03090086B1AB /* Facilitator Model.swift */ = {isa = PBXFileReference; lastKnownFileType = sourcecode.swift; path = "Facilitator Model.swift"; sourceTree = "<group>"; };
		15551118228C09900086B1AB /* Rounded Button.swift */ = {isa = PBXFileReference; lastKnownFileType = sourcecode.swift; path = "Rounded Button.swift"; sourceTree = "<group>"; };
/* End PBXFileReference section */

/* Begin PBXFrameworksBuildPhase section */
		155510FA228BD8560086B1AB /* Frameworks */ = {
			isa = PBXFrameworksBuildPhase;
			buildActionMask = 2147483647;
			files = (
			);
			runOnlyForDeploymentPostprocessing = 0;
		};
/* End PBXFrameworksBuildPhase section */

/* Begin PBXGroup section */
		155510F4228BD8560086B1AB = {
			isa = PBXGroup;
			children = (
				155510FF228BD8560086B1AB /* LearnerOOP */,
				155510FE228BD8560086B1AB /* Products */,
			);
			sourceTree = "<group>";
		};
		155510FE228BD8560086B1AB /* Products */ = {
			isa = PBXGroup;
			children = (
				155510FD228BD8560086B1AB /* LearnerOOP.app */,
			);
			name = Products;
			sourceTree = "<group>";
		};
		155510FF228BD8560086B1AB /* LearnerOOP */ = {
			isa = PBXGroup;
			children = (
				15551100228BD8560086B1AB /* AppDelegate.swift */,
				15551102228BD8560086B1AB /* ViewController.swift */,
				15551104228BD8560086B1AB /* Main.storyboard */,
				15551118228C09900086B1AB /* Rounded Button.swift */,
				15551116228C03090086B1AB /* Facilitator Model.swift */,
				15551107228BD8570086B1AB /* Assets.xcassets */,
				15551109228BD8570086B1AB /* LaunchScreen.storyboard */,
				1555110C228BD8570086B1AB /* Info.plist */,
				15551112228BE5940086B1AB /* LearnerModel.swift */,
				15551114228BF56C0086B1AB /* Activity 1.0.swift */,
			);
			path = LearnerOOP;
			sourceTree = "<group>";
		};
/* End PBXGroup section */

/* Begin PBXNativeTarget section */
		155510FC228BD8560086B1AB /* LearnerOOP */ = {
			isa = PBXNativeTarget;
			buildConfigurationList = 1555110F228BD8570086B1AB /* Build configuration list for PBXNativeTarget "LearnerOOP" */;
			buildPhases = (
				155510F9228BD8560086B1AB /* Sources */,
				155510FA228BD8560086B1AB /* Frameworks */,
				155510FB228BD8560086B1AB /* Resources */,
			);
			buildRules = (
			);
			dependencies = (
			);
			name = LearnerOOP;
			productName = LearnerOOP;
			productReference = 155510FD228BD8560086B1AB /* LearnerOOP.app */;
			productType = "com.apple.product-type.application";
		};
/* End PBXNativeTarget section */

/* Begin PBXProject section */
		155510F5228BD8560086B1AB /* Project object */ = {
			isa = PBXProject;
			attributes = {
				LastSwiftUpdateCheck = 1020;
				LastUpgradeCheck = 1020;
				ORGANIZATIONNAME = "Wimba Juventio Chandra";
				TargetAttributes = {
					155510FC228BD8560086B1AB = {
						CreatedOnToolsVersion = 10.2.1;
					};
				};
			};
			buildConfigurationList = 155510F8228BD8560086B1AB /* Build configuration list for PBXProject "LearnerOOP" */;
			compatibilityVersion = "Xcode 9.3";
			developmentRegion = en;
			hasScannedForEncodings = 0;
			knownRegions = (
				en,
				Base,
			);
			mainGroup = 155510F4228BD8560086B1AB;
			productRefGroup = 155510FE228BD8560086B1AB /* Products */;
			projectDirPath = "";
			projectRoot = "";
			targets = (
				155510FC228BD8560086B1AB /* LearnerOOP */,
			);
		};
/* End PBXProject section */

/* Begin PBXResourcesBuildPhase section */
		155510FB228BD8560086B1AB /* Resources */ = {
			isa = PBXResourcesBuildPhase;
			buildActionMask = 2147483647;
			files = (
				1555110B228BD8570086B1AB /* LaunchScreen.storyboard in Resources */,
				15551108228BD8570086B1AB /* Assets.xcassets in Resources */,
				15551106228BD8560086B1AB /* Main.storyboard in Resources */,
			);
			runOnlyForDeploymentPostprocessing = 0;
		};
/* End PBXResourcesBuildPhase section */

/* Begin PBXSourcesBuildPhase section */
		155510F9228BD8560086B1AB /* Sources */ = {
			isa = PBXSourcesBuildPhase;
			buildActionMask = 2147483647;
			files = (
				15551103228BD8560086B1AB /* ViewController.swift in Sources */,
				15551115228BF56C0086B1AB /* Activity 1.0.swift in Sources */,
				15551119228C09900086B1AB /* Rounded Button.swift in Sources */,
				15551113228BE5940086B1AB /* LearnerModel.swift in Sources */,
				15551117228C03090086B1AB /* Facilitator Model.swift in Sources */,
				15551101228BD8560086B1AB /* AppDelegate.swift in Sources */,
			);
			runOnlyForDeploymentPostprocessing = 0;
		};
/* End PBXSourcesBuildPhase section */

/* Begin PBXVariantGroup section */
		15551104228BD8560086B1AB /* Main.storyboard */ = {
			isa = PBXVariantGroup;
			children = (
				15551105228BD8560086B1AB /* Base */,
			);
			name = Main.storyboard;
			sourceTree = "<group>";
		};
		15551109228BD8570086B1AB /* LaunchScreen.storyboard */ = {
			isa = PBXVariantGroup;
			children = (
				1555110A228BD8570086B1AB /* Base */,
			);
			name = LaunchScreen.storyboard;
			sourceTree = "<group>";
		};
/* End PBXVariantGroup section */

/* Begin XCBuildConfiguration section */
		1555110D228BD8570086B1AB /* Debug */ = {
			isa = XCBuildConfiguration;
			buildSettings = {
				ALWAYS_SEARCH_USER_PATHS = NO;
				CLANG_ANALYZER_NONNULL = YES;
				CLANG_ANALYZER_NUMBER_OBJECT_CONVERSION = YES_AGGRESSIVE;
				CLANG_CXX_LANGUAGE_STANDARD = "gnu++14";
				CLANG_CXX_LIBRARY = "libc++";
				CLANG_ENABLE_MODULES = YES;
				CLANG_ENABLE_OBJC_ARC = YES;
				CLANG_ENABLE_OBJC_WEAK = YES;
				CLANG_WARN_BLOCK_CAPTURE_AUTORELEASING = YES;
				CLANG_WARN_BOOL_CONVERSION = YES;
				CLANG_WARN_COMMA = YES;
				CLANG_WARN_CONSTANT_CONVERSION = YES;
				CLANG_WARN_DEPRECATED_OBJC_IMPLEMENTATIONS = YES;
				CLANG_WARN_DIRECT_OBJC_ISA_USAGE = YES_ERROR;
				CLANG_WARN_DOCUMENTATION_COMMENTS = YES;
				CLANG_WARN_EMPTY_BODY = YES;
				CLANG_WARN_ENUM_CONVERSION = YES;
				CLANG_WARN_INFINITE_RECURSION = YES;
				CLANG_WARN_INT_CONVERSION = YES;
				CLANG_WARN_NON_LITERAL_NULL_CONVERSION = YES;
				CLANG_WARN_OBJC_IMPLICIT_RETAIN_SELF = YES;
				CLANG_WARN_OBJC_LITERAL_CONVERSION = YES;
				CLANG_WARN_OBJC_ROOT_CLASS = YES_ERROR;
				CLANG_WARN_RANGE_LOOP_ANALYSIS = YES;
				CLANG_WARN_STRICT_PROTOTYPES = YES;
				CLANG_WARN_SUSPICIOUS_MOVE = YES;
				CLANG_WARN_UNGUARDED_AVAILABILITY = YES_AGGRESSIVE;
				CLANG_WARN_UNREACHABLE_CODE = YES;
				CLANG_WARN__DUPLICATE_METHOD_MATCH = YES;
				CODE_SIGN_IDENTITY = "iPhone Developer";
				COPY_PHASE_STRIP = NO;
				DEBUG_INFORMATION_FORMAT = dwarf;
				ENABLE_STRICT_OBJC_MSGSEND = YES;
				ENABLE_TESTABILITY = YES;
				GCC_C_LANGUAGE_STANDARD = gnu11;
				GCC_DYNAMIC_NO_PIC = NO;
				GCC_NO_COMMON_BLOCKS = YES;
				GCC_OPTIMIZATION_LEVEL = 0;
				GCC_PREPROCESSOR_DEFINITIONS = (
					"DEBUG=1",
					"$(inherited)",
				);
				GCC_WARN_64_TO_32_BIT_CONVERSION = YES;
				GCC_WARN_ABOUT_RETURN_TYPE = YES_ERROR;
				GCC_WARN_UNDECLARED_SELECTOR = YES;
				GCC_WARN_UNINITIALIZED_AUTOS = YES_AGGRESSIVE;
				GCC_WARN_UNUSED_FUNCTION = YES;
				GCC_WARN_UNUSED_VARIABLE = YES;
				IPHONEOS_DEPLOYMENT_TARGET = 12.2;
				MTL_ENABLE_DEBUG_INFO = INCLUDE_SOURCE;
				MTL_FAST_MATH = YES;
				ONLY_ACTIVE_ARCH = YES;
				SDKROOT = iphoneos;
				SWIFT_ACTIVE_COMPILATION_CONDITIONS = DEBUG;
				SWIFT_OPTIMIZATION_LEVEL = "-Onone";
			};
			name = Debug;
		};
		1555110E228BD8570086B1AB /* Release */ = {
			isa = XCBuildConfiguration;
			buildSettings = {
				ALWAYS_SEARCH_USER_PATHS = NO;
				CLANG_ANALYZER_NONNULL = YES;
				CLANG_ANALYZER_NUMBER_OBJECT_CONVERSION = YES_AGGRESSIVE;
				CLANG_CXX_LANGUAGE_STANDARD = "gnu++14";
				CLANG_CXX_LIBRARY = "libc++";
				CLANG_ENABLE_MODULES = YES;
				CLANG_ENABLE_OBJC_ARC = YES;
				CLANG_ENABLE_OBJC_WEAK = YES;
				CLANG_WARN_BLOCK_CAPTURE_AUTORELEASING = YES;
				CLANG_WARN_BOOL_CONVERSION = YES;
				CLANG_WARN_COMMA = YES;
				CLANG_WARN_CONSTANT_CONVERSION = YES;
				CLANG_WARN_DEPRECATED_OBJC_IMPLEMENTATIONS = YES;
				CLANG_WARN_DIRECT_OBJC_ISA_USAGE = YES_ERROR;
				CLANG_WARN_DOCUMENTATION_COMMENTS = YES;
				CLANG_WARN_EMPTY_BODY = YES;
				CLANG_WARN_ENUM_CONVERSION = YES;
				CLANG_WARN_INFINITE_RECURSION = YES;
				CLANG_WARN_INT_CONVERSION = YES;
				CLANG_WARN_NON_LITERAL_NULL_CONVERSION = YES;
				CLANG_WARN_OBJC_IMPLICIT_RETAIN_SELF = YES;
				CLANG_WARN_OBJC_LITERAL_CONVERSION = YES;
				CLANG_WARN_OBJC_ROOT_CLASS = YES_ERROR;
				CLANG_WARN_RANGE_LOOP_ANALYSIS = YES;
				CLANG_WARN_STRICT_PROTOTYPES = YES;
				CLANG_WARN_SUSPICIOUS_MOVE = YES;
				CLANG_WARN_UNGUARDED_AVAILABILITY = YES_AGGRESSIVE;
				CLANG_WARN_UNREACHABLE_CODE = YES;
				CLANG_WARN__DUPLICATE_METHOD_MATCH = YES;
				CODE_SIGN_IDENTITY = "iPhone Developer";
				COPY_PHASE_STRIP = NO;
				DEBUG_INFORMATION_FORMAT = "dwarf-with-dsym";
				ENABLE_NS_ASSERTIONS = NO;
				ENABLE_STRICT_OBJC_MSGSEND = YES;
				GCC_C_LANGUAGE_STANDARD = gnu11;
				GCC_NO_COMMON_BLOCKS = YES;
				GCC_WARN_64_TO_32_BIT_CONVERSION = YES;
				GCC_WARN_ABOUT_RETURN_TYPE = YES_ERROR;
				GCC_WARN_UNDECLARED_SELECTOR = YES;
				GCC_WARN_UNINITIALIZED_AUTOS = YES_AGGRESSIVE;
				GCC_WARN_UNUSED_FUNCTION = YES;
				GCC_WARN_UNUSED_VARIABLE = YES;
				IPHONEOS_DEPLOYMENT_TARGET = 12.2;
				MTL_ENABLE_DEBUG_INFO = NO;
				MTL_FAST_MATH = YES;
				SDKROOT = iphoneos;
				SWIFT_COMPILATION_MODE = wholemodule;
				SWIFT_OPTIMIZATION_LEVEL = "-O";
				VALIDATE_PRODUCT = YES;
			};
			name = Release;
		};
		15551110228BD8570086B1AB /* Debug */ = {
			isa = XCBuildConfiguration;
			buildSettings = {
				ASSETCATALOG_COMPILER_APPICON_NAME = AppIcon;
				CODE_SIGN_STYLE = Automatic;
				DEVELOPMENT_TEAM = TCNKPBW66V;
				INFOPLIST_FILE = LearnerOOP/Info.plist;
				LD_RUNPATH_SEARCH_PATHS = (
					"$(inherited)",
					"@executable_path/Frameworks",
				);
				PRODUCT_BUNDLE_IDENTIFIER = AppleDeveloperAcademyBinus.LearnerOOP;
				PRODUCT_NAME = "$(TARGET_NAME)";
				SWIFT_VERSION = 5.0;
				TARGETED_DEVICE_FAMILY = "1,2";
			};
			name = Debug;
		};
		15551111228BD8570086B1AB /* Release */ = {
			isa = XCBuildConfiguration;
			buildSettings = {
				ASSETCATALOG_COMPILER_APPICON_NAME = AppIcon;
				CODE_SIGN_STYLE = Automatic;
				DEVELOPMENT_TEAM = TCNKPBW66V;
				INFOPLIST_FILE = LearnerOOP/Info.plist;
				LD_RUNPATH_SEARCH_PATHS = (
					"$(inherited)",
					"@executable_path/Frameworks",
				);
				PRODUCT_BUNDLE_IDENTIFIER = AppleDeveloperAcademyBinus.LearnerOOP;
				PRODUCT_NAME = "$(TARGET_NAME)";
				SWIFT_VERSION = 5.0;
				TARGETED_DEVICE_FAMILY = "1,2";
			};
			name = Release;
		};
/* End XCBuildConfiguration section */

/* Begin XCConfigurationList section */
		155510F8228BD8560086B1AB /* Build configuration list for PBXProject "LearnerOOP" */ = {
			isa = XCConfigurationList;
			buildConfigurations = (
				1555110D228BD8570086B1AB /* Debug */,
				1555110E228BD8570086B1AB /* Release */,
			);
			defaultConfigurationIsVisible = 0;
			defaultConfigurationName = Release;
		};
		1555110F228BD8570086B1AB /* Build configuration list for PBXNativeTarget "LearnerOOP" */ = {
			isa = XCConfigurationList;
			buildConfigurations = (
				15551110228BD8570086B1AB /* Debug */,
				15551111228BD8570086B1AB /* Release */,
			);
			defaultConfigurationIsVisible = 0;
			defaultConfigurationName = Release;
		};
/* End XCConfigurationList section */
	};
	rootObject = 155510F5228BD8560086B1AB /* Project object */;
}
